// !$*UTF8*$!
{
	archiveVersion = 1;
	classes = {
	};
	objectVersion = 56;
	objects = {

/* Begin PBXBuildFile section */
		800728C22971462F00FB196C /* PlayerModel.swift in Sources */ = {isa = PBXBuildFile; fileRef = 800728C12971462F00FB196C /* PlayerModel.swift */; };
		800728C42971466800FB196C /* CodableBundleExtension.swift in Sources */ = {isa = PBXBuildFile; fileRef = 800728C32971466800FB196C /* CodableBundleExtension.swift */; };
		800728C6297147C100FB196C /* FeatureItemView.swift in Sources */ = {isa = PBXBuildFile; fileRef = 800728C5297147C100FB196C /* FeatureItemView.swift */; };
		800728C82971483300FB196C /* FeaturedTabView.swift in Sources */ = {isa = PBXBuildFile; fileRef = 800728C72971483300FB196C /* FeaturedTabView.swift */; };
		800728CC29714F9600FB196C /* CategoryModel.swift in Sources */ = {isa = PBXBuildFile; fileRef = 800728CB29714F9600FB196C /* CategoryModel.swift */; };
		800728CE2971510D00FB196C /* CategoryItemView.swift in Sources */ = {isa = PBXBuildFile; fileRef = 800728CD2971510D00FB196C /* CategoryItemView.swift */; };
		800728D0297153F000FB196C /* CategoryGridView.swift in Sources */ = {isa = PBXBuildFile; fileRef = 800728CF297153F000FB196C /* CategoryGridView.swift */; };
		800728D22971555000FB196C /* SectionView.swift in Sources */ = {isa = PBXBuildFile; fileRef = 800728D12971555000FB196C /* SectionView.swift */; };
		80C2F3B7297135F5009B5D8C /* TouchdownApp.swift in Sources */ = {isa = PBXBuildFile; fileRef = 80C2F3B6297135F5009B5D8C /* TouchdownApp.swift */; };
		80C2F3B9297135F5009B5D8C /* ContentView.swift in Sources */ = {isa = PBXBuildFile; fileRef = 80C2F3B8297135F5009B5D8C /* ContentView.swift */; };
		80C2F3BB297135F6009B5D8C /* Assets.xcassets in Resources */ = {isa = PBXBuildFile; fileRef = 80C2F3BA297135F6009B5D8C /* Assets.xcassets */; };
		80C2F3BE297135F6009B5D8C /* Preview Assets.xcassets in Resources */ = {isa = PBXBuildFile; fileRef = 80C2F3BD297135F6009B5D8C /* Preview Assets.xcassets */; };
		80C2F3C82971374D009B5D8C /* category.json in Resources */ = {isa = PBXBuildFile; fileRef = 80C2F3C42971374D009B5D8C /* category.json */; };
		80C2F3C92971374D009B5D8C /* brand.json in Resources */ = {isa = PBXBuildFile; fileRef = 80C2F3C52971374D009B5D8C /* brand.json */; };
		80C2F3CA2971374D009B5D8C /* player.json in Resources */ = {isa = PBXBuildFile; fileRef = 80C2F3C62971374D009B5D8C /* player.json */; };
		80C2F3CB2971374D009B5D8C /* product.json in Resources */ = {isa = PBXBuildFile; fileRef = 80C2F3C72971374D009B5D8C /* product.json */; };
		80C2F3D62971388B009B5D8C /* Constant.swift in Sources */ = {isa = PBXBuildFile; fileRef = 80C2F3D52971388B009B5D8C /* Constant.swift */; };
		80C2F3D82971390F009B5D8C /* FooterView.swift in Sources */ = {isa = PBXBuildFile; fileRef = 80C2F3D72971390F009B5D8C /* FooterView.swift */; };
		80C2F3DA29713B42009B5D8C /* NavigationBarView.swift in Sources */ = {isa = PBXBuildFile; fileRef = 80C2F3D929713B42009B5D8C /* NavigationBarView.swift */; };
		80C2F3DC29713C7F009B5D8C /* LogoView.swift in Sources */ = {isa = PBXBuildFile; fileRef = 80C2F3DB29713C7F009B5D8C /* LogoView.swift */; };
		80C2F3DE29713D38009B5D8C /* Image+Extension.swift in Sources */ = {isa = PBXBuildFile; fileRef = 80C2F3DD29713D38009B5D8C /* Image+Extension.swift */; };
		80C2F3E22971409C009B5D8C /* Text+Extension.swift in Sources */ = {isa = PBXBuildFile; fileRef = 80C2F3E12971409C009B5D8C /* Text+Extension.swift */; };
/* End PBXBuildFile section */

/* Begin PBXFileReference section */
		800728C12971462F00FB196C /* PlayerModel.swift */ = {isa = PBXFileReference; lastKnownFileType = sourcecode.swift; path = PlayerModel.swift; sourceTree = "<group>"; };
		800728C32971466800FB196C /* CodableBundleExtension.swift */ = {isa = PBXFileReference; lastKnownFileType = sourcecode.swift; path = CodableBundleExtension.swift; sourceTree = "<group>"; };
		800728C5297147C100FB196C /* FeatureItemView.swift */ = {isa = PBXFileReference; lastKnownFileType = sourcecode.swift; path = FeatureItemView.swift; sourceTree = "<group>"; };
		800728C72971483300FB196C /* FeaturedTabView.swift */ = {isa = PBXFileReference; lastKnownFileType = sourcecode.swift; path = FeaturedTabView.swift; sourceTree = "<group>"; };
		800728CB29714F9600FB196C /* CategoryModel.swift */ = {isa = PBXFileReference; lastKnownFileType = sourcecode.swift; path = CategoryModel.swift; sourceTree = "<group>"; };
		800728CD2971510D00FB196C /* CategoryItemView.swift */ = {isa = PBXFileReference; lastKnownFileType = sourcecode.swift; path = CategoryItemView.swift; sourceTree = "<group>"; };
		800728CF297153F000FB196C /* CategoryGridView.swift */ = {isa = PBXFileReference; lastKnownFileType = sourcecode.swift; path = CategoryGridView.swift; sourceTree = "<group>"; };
		800728D12971555000FB196C /* SectionView.swift */ = {isa = PBXFileReference; lastKnownFileType = sourcecode.swift; path = SectionView.swift; sourceTree = "<group>"; };
		80C2F3B3297135F5009B5D8C /* Touchdown.app */ = {isa = PBXFileReference; explicitFileType = wrapper.application; includeInIndex = 0; path = Touchdown.app; sourceTree = BUILT_PRODUCTS_DIR; };
		80C2F3B6297135F5009B5D8C /* TouchdownApp.swift */ = {isa = PBXFileReference; lastKnownFileType = sourcecode.swift; path = TouchdownApp.swift; sourceTree = "<group>"; };
		80C2F3B8297135F5009B5D8C /* ContentView.swift */ = {isa = PBXFileReference; lastKnownFileType = sourcecode.swift; path = ContentView.swift; sourceTree = "<group>"; };
		80C2F3BA297135F6009B5D8C /* Assets.xcassets */ = {isa = PBXFileReference; lastKnownFileType = folder.assetcatalog; path = Assets.xcassets; sourceTree = "<group>"; };
		80C2F3BD297135F6009B5D8C /* Preview Assets.xcassets */ = {isa = PBXFileReference; lastKnownFileType = folder.assetcatalog; path = "Preview Assets.xcassets"; sourceTree = "<group>"; };
		80C2F3C42971374D009B5D8C /* category.json */ = {isa = PBXFileReference; fileEncoding = 4; lastKnownFileType = text.json; path = category.json; sourceTree = "<group>"; };
		80C2F3C52971374D009B5D8C /* brand.json */ = {isa = PBXFileReference; fileEncoding = 4; lastKnownFileType = text.json; path = brand.json; sourceTree = "<group>"; };
		80C2F3C62971374D009B5D8C /* player.json */ = {isa = PBXFileReference; fileEncoding = 4; lastKnownFileType = text.json; path = player.json; sourceTree = "<group>"; };
		80C2F3C72971374D009B5D8C /* product.json */ = {isa = PBXFileReference; fileEncoding = 4; lastKnownFileType = text.json; path = product.json; sourceTree = "<group>"; };
		80C2F3CD297137C2009B5D8C /* Info.plist */ = {isa = PBXFileReference; lastKnownFileType = text.plist; path = Info.plist; sourceTree = "<group>"; };
		80C2F3D52971388B009B5D8C /* Constant.swift */ = {isa = PBXFileReference; lastKnownFileType = sourcecode.swift; path = Constant.swift; sourceTree = "<group>"; };
		80C2F3D72971390F009B5D8C /* FooterView.swift */ = {isa = PBXFileReference; lastKnownFileType = sourcecode.swift; path = FooterView.swift; sourceTree = "<group>"; };
		80C2F3D929713B42009B5D8C /* NavigationBarView.swift */ = {isa = PBXFileReference; lastKnownFileType = sourcecode.swift; path = NavigationBarView.swift; sourceTree = "<group>"; };
		80C2F3DB29713C7F009B5D8C /* LogoView.swift */ = {isa = PBXFileReference; lastKnownFileType = sourcecode.swift; path = LogoView.swift; sourceTree = "<group>"; };
		80C2F3DD29713D38009B5D8C /* Image+Extension.swift */ = {isa = PBXFileReference; lastKnownFileType = sourcecode.swift; path = "Image+Extension.swift"; sourceTree = "<group>"; };
		80C2F3E12971409C009B5D8C /* Text+Extension.swift */ = {isa = PBXFileReference; lastKnownFileType = sourcecode.swift; path = "Text+Extension.swift"; sourceTree = "<group>"; };
/* End PBXFileReference section */

/* Begin PBXFrameworksBuildPhase section */
		80C2F3B0297135F5009B5D8C /* Frameworks */ = {
			isa = PBXFrameworksBuildPhase;
			buildActionMask = 2147483647;
			files = (
			);
			runOnlyForDeploymentPostprocessing = 0;
		};
/* End PBXFrameworksBuildPhase section */

/* Begin PBXGroup section */
		80C2F3AA297135F5009B5D8C = {
			isa = PBXGroup;
			children = (
				80C2F3B5297135F5009B5D8C /* Touchdown */,
				80C2F3B4297135F5009B5D8C /* Products */,
			);
			sourceTree = "<group>";
		};
		80C2F3B4297135F5009B5D8C /* Products */ = {
			isa = PBXGroup;
			children = (
				80C2F3B3297135F5009B5D8C /* Touchdown.app */,
			);
			name = Products;
			sourceTree = "<group>";
		};
		80C2F3B5297135F5009B5D8C /* Touchdown */ = {
			isa = PBXGroup;
			children = (
				80C2F3D429713872009B5D8C /* Utility */,
				80C2F3D32971386E009B5D8C /* Extensions */,
				80C2F3D22971386B009B5D8C /* Model */,
				80C2F3CC29713782009B5D8C /* Data */,
				80C2F3CE2971383D009B5D8C /* App */,
				80C2F3CF29713847009B5D8C /* Views */,
				80C2F3CD297137C2009B5D8C /* Info.plist */,
				80C2F3BA297135F6009B5D8C /* Assets.xcassets */,
				80C2F3BC297135F6009B5D8C /* Preview Content */,
			);
			path = Touchdown;
			sourceTree = "<group>";
		};
		80C2F3BC297135F6009B5D8C /* Preview Content */ = {
			isa = PBXGroup;
			children = (
				80C2F3BD297135F6009B5D8C /* Preview Assets.xcassets */,
			);
			path = "Preview Content";
			sourceTree = "<group>";
		};
		80C2F3CC29713782009B5D8C /* Data */ = {
			isa = PBXGroup;
			children = (
				80C2F3C52971374D009B5D8C /* brand.json */,
				80C2F3C42971374D009B5D8C /* category.json */,
				80C2F3C62971374D009B5D8C /* player.json */,
				80C2F3C72971374D009B5D8C /* product.json */,
			);
			path = Data;
			sourceTree = "<group>";
		};
		80C2F3CE2971383D009B5D8C /* App */ = {
			isa = PBXGroup;
			children = (
				80C2F3B6297135F5009B5D8C /* TouchdownApp.swift */,
				80C2F3B8297135F5009B5D8C /* ContentView.swift */,
			);
			path = App;
			sourceTree = "<group>";
		};
		80C2F3CF29713847009B5D8C /* Views */ = {
			isa = PBXGroup;
			children = (
				80C2F3D129713867009B5D8C /* Home */,
				80C2F3D029713864009B5D8C /* Detail */,
				800728CD2971510D00FB196C /* CategoryItemView.swift */,
			);
			path = Views;
			sourceTree = "<group>";
		};
		80C2F3D029713864009B5D8C /* Detail */ = {
			isa = PBXGroup;
			children = (
			);
			path = Detail;
			sourceTree = "<group>";
		};
		80C2F3D129713867009B5D8C /* Home */ = {
			isa = PBXGroup;
			children = (
				80C2F3D72971390F009B5D8C /* FooterView.swift */,
				80C2F3D929713B42009B5D8C /* NavigationBarView.swift */,
				80C2F3DB29713C7F009B5D8C /* LogoView.swift */,
				800728C5297147C100FB196C /* FeatureItemView.swift */,
				800728C72971483300FB196C /* FeaturedTabView.swift */,
				800728CF297153F000FB196C /* CategoryGridView.swift */,
				800728D12971555000FB196C /* SectionView.swift */,
			);
			path = Home;
			sourceTree = "<group>";
		};
		80C2F3D22971386B009B5D8C /* Model */ = {
			isa = PBXGroup;
			children = (
				800728C12971462F00FB196C /* PlayerModel.swift */,
				800728CB29714F9600FB196C /* CategoryModel.swift */,
			);
			path = Model;
			sourceTree = "<group>";
		};
		80C2F3D32971386E009B5D8C /* Extensions */ = {
			isa = PBXGroup;
			children = (
				80C2F3DD29713D38009B5D8C /* Image+Extension.swift */,
				80C2F3E12971409C009B5D8C /* Text+Extension.swift */,
				800728C32971466800FB196C /* CodableBundleExtension.swift */,
			);
			path = Extensions;
			sourceTree = "<group>";
		};
		80C2F3D429713872009B5D8C /* Utility */ = {
			isa = PBXGroup;
			children = (
				80C2F3D52971388B009B5D8C /* Constant.swift */,
			);
			path = Utility;
			sourceTree = "<group>";
		};
/* End PBXGroup section */

/* Begin PBXNativeTarget section */
		80C2F3B2297135F5009B5D8C /* Touchdown */ = {
			isa = PBXNativeTarget;
			buildConfigurationList = 80C2F3C1297135F6009B5D8C /* Build configuration list for PBXNativeTarget "Touchdown" */;
			buildPhases = (
				80C2F3AF297135F5009B5D8C /* Sources */,
				80C2F3B0297135F5009B5D8C /* Frameworks */,
				80C2F3B1297135F5009B5D8C /* Resources */,
			);
			buildRules = (
			);
			dependencies = (
			);
			name = Touchdown;
			productName = Touchdown;
			productReference = 80C2F3B3297135F5009B5D8C /* Touchdown.app */;
			productType = "com.apple.product-type.application";
		};
/* End PBXNativeTarget section */

/* Begin PBXProject section */
		80C2F3AB297135F5009B5D8C /* Project object */ = {
			isa = PBXProject;
			attributes = {
				BuildIndependentTargetsInParallel = 1;
				LastSwiftUpdateCheck = 1410;
				LastUpgradeCheck = 1410;
				TargetAttributes = {
					80C2F3B2297135F5009B5D8C = {
						CreatedOnToolsVersion = 14.1;
					};
				};
			};
			buildConfigurationList = 80C2F3AE297135F5009B5D8C /* Build configuration list for PBXProject "Touchdown" */;
			compatibilityVersion = "Xcode 14.0";
			developmentRegion = en;
			hasScannedForEncodings = 0;
			knownRegions = (
				en,
				Base,
			);
			mainGroup = 80C2F3AA297135F5009B5D8C;
			productRefGroup = 80C2F3B4297135F5009B5D8C /* Products */;
			projectDirPath = "";
			projectRoot = "";
			targets = (
				80C2F3B2297135F5009B5D8C /* Touchdown */,
			);
		};
/* End PBXProject section */

/* Begin PBXResourcesBuildPhase section */
		80C2F3B1297135F5009B5D8C /* Resources */ = {
			isa = PBXResourcesBuildPhase;
			buildActionMask = 2147483647;
			files = (
				80C2F3CA2971374D009B5D8C /* player.json in Resources */,
				80C2F3C82971374D009B5D8C /* category.json in Resources */,
				80C2F3C92971374D009B5D8C /* brand.json in Resources */,
				80C2F3BE297135F6009B5D8C /* Preview Assets.xcassets in Resources */,
				80C2F3BB297135F6009B5D8C /* Assets.xcassets in Resources */,
				80C2F3CB2971374D009B5D8C /* product.json in Resources */,
			);
			runOnlyForDeploymentPostprocessing = 0;
		};
/* End PBXResourcesBuildPhase section */

/* Begin PBXSourcesBuildPhase section */
		80C2F3AF297135F5009B5D8C /* Sources */ = {
			isa = PBXSourcesBuildPhase;
			buildActionMask = 2147483647;
			files = (
				800728CC29714F9600FB196C /* CategoryModel.swift in Sources */,
				80C2F3B9297135F5009B5D8C /* ContentView.swift in Sources */,
				80C2F3DC29713C7F009B5D8C /* LogoView.swift in Sources */,
				800728D0297153F000FB196C /* CategoryGridView.swift in Sources */,
				800728CE2971510D00FB196C /* CategoryItemView.swift in Sources */,
				80C2F3D82971390F009B5D8C /* FooterView.swift in Sources */,
				800728C6297147C100FB196C /* FeatureItemView.swift in Sources */,
				800728C22971462F00FB196C /* PlayerModel.swift in Sources */,
				800728C42971466800FB196C /* CodableBundleExtension.swift in Sources */,
				800728C82971483300FB196C /* FeaturedTabView.swift in Sources */,
				80C2F3B7297135F5009B5D8C /* TouchdownApp.swift in Sources */,
				80C2F3E22971409C009B5D8C /* Text+Extension.swift in Sources */,
				800728D22971555000FB196C /* SectionView.swift in Sources */,
				80C2F3D62971388B009B5D8C /* Constant.swift in Sources */,
				80C2F3DE29713D38009B5D8C /* Image+Extension.swift in Sources */,
				80C2F3DA29713B42009B5D8C /* NavigationBarView.swift in Sources */,
			);
			runOnlyForDeploymentPostprocessing = 0;
		};
/* End PBXSourcesBuildPhase section */

/* Begin XCBuildConfiguration section */
		80C2F3BF297135F6009B5D8C /* Debug */ = {
			isa = XCBuildConfiguration;
			buildSettings = {
				ALWAYS_SEARCH_USER_PATHS = NO;
				CLANG_ANALYZER_NONNULL = YES;
				CLANG_ANALYZER_NUMBER_OBJECT_CONVERSION = YES_AGGRESSIVE;
				CLANG_CXX_LANGUAGE_STANDARD = "gnu++20";
				CLANG_ENABLE_MODULES = YES;
				CLANG_ENABLE_OBJC_ARC = YES;
				CLANG_ENABLE_OBJC_WEAK = YES;
				CLANG_WARN_BLOCK_CAPTURE_AUTORELEASING = YES;
				CLANG_WARN_BOOL_CONVERSION = YES;
				CLANG_WARN_COMMA = YES;
				CLANG_WARN_CONSTANT_CONVERSION = YES;
				CLANG_WARN_DEPRECATED_OBJC_IMPLEMENTATIONS = YES;
				CLANG_WARN_DIRECT_OBJC_ISA_USAGE = YES_ERROR;
				CLANG_WARN_DOCUMENTATION_COMMENTS = YES;
				CLANG_WARN_EMPTY_BODY = YES;
				CLANG_WARN_ENUM_CONVERSION = YES;
				CLANG_WARN_INFINITE_RECURSION = YES;
				CLANG_WARN_INT_CONVERSION = YES;
				CLANG_WARN_NON_LITERAL_NULL_CONVERSION = YES;
				CLANG_WARN_OBJC_IMPLICIT_RETAIN_SELF = YES;
				CLANG_WARN_OBJC_LITERAL_CONVERSION = YES;
				CLANG_WARN_OBJC_ROOT_CLASS = YES_ERROR;
				CLANG_WARN_QUOTED_INCLUDE_IN_FRAMEWORK_HEADER = YES;
				CLANG_WARN_RANGE_LOOP_ANALYSIS = YES;
				CLANG_WARN_STRICT_PROTOTYPES = YES;
				CLANG_WARN_SUSPICIOUS_MOVE = YES;
				CLANG_WARN_UNGUARDED_AVAILABILITY = YES_AGGRESSIVE;
				CLANG_WARN_UNREACHABLE_CODE = YES;
				CLANG_WARN__DUPLICATE_METHOD_MATCH = YES;
				COPY_PHASE_STRIP = NO;
				DEBUG_INFORMATION_FORMAT = dwarf;
				ENABLE_STRICT_OBJC_MSGSEND = YES;
				ENABLE_TESTABILITY = YES;
				GCC_C_LANGUAGE_STANDARD = gnu11;
				GCC_DYNAMIC_NO_PIC = NO;
				GCC_NO_COMMON_BLOCKS = YES;
				GCC_OPTIMIZATION_LEVEL = 0;
				GCC_PREPROCESSOR_DEFINITIONS = (
					"DEBUG=1",
					"$(inherited)",
				);
				GCC_WARN_64_TO_32_BIT_CONVERSION = YES;
				GCC_WARN_ABOUT_RETURN_TYPE = YES_ERROR;
				GCC_WARN_UNDECLARED_SELECTOR = YES;
				GCC_WARN_UNINITIALIZED_AUTOS = YES_AGGRESSIVE;
				GCC_WARN_UNUSED_FUNCTION = YES;
				GCC_WARN_UNUSED_VARIABLE = YES;
				IPHONEOS_DEPLOYMENT_TARGET = 16.1;
				MTL_ENABLE_DEBUG_INFO = INCLUDE_SOURCE;
				MTL_FAST_MATH = YES;
				ONLY_ACTIVE_ARCH = YES;
				SDKROOT = iphoneos;
				SWIFT_ACTIVE_COMPILATION_CONDITIONS = DEBUG;
				SWIFT_OPTIMIZATION_LEVEL = "-Onone";
			};
			name = Debug;
		};
		80C2F3C0297135F6009B5D8C /* Release */ = {
			isa = XCBuildConfiguration;
			buildSettings = {
				ALWAYS_SEARCH_USER_PATHS = NO;
				CLANG_ANALYZER_NONNULL = YES;
				CLANG_ANALYZER_NUMBER_OBJECT_CONVERSION = YES_AGGRESSIVE;
				CLANG_CXX_LANGUAGE_STANDARD = "gnu++20";
				CLANG_ENABLE_MODULES = YES;
				CLANG_ENABLE_OBJC_ARC = YES;
				CLANG_ENABLE_OBJC_WEAK = YES;
				CLANG_WARN_BLOCK_CAPTURE_AUTORELEASING = YES;
				CLANG_WARN_BOOL_CONVERSION = YES;
				CLANG_WARN_COMMA = YES;
				CLANG_WARN_CONSTANT_CONVERSION = YES;
				CLANG_WARN_DEPRECATED_OBJC_IMPLEMENTATIONS = YES;
				CLANG_WARN_DIRECT_OBJC_ISA_USAGE = YES_ERROR;
				CLANG_WARN_DOCUMENTATION_COMMENTS = YES;
				CLANG_WARN_EMPTY_BODY = YES;
				CLANG_WARN_ENUM_CONVERSION = YES;
				CLANG_WARN_INFINITE_RECURSION = YES;
				CLANG_WARN_INT_CONVERSION = YES;
				CLANG_WARN_NON_LITERAL_NULL_CONVERSION = YES;
				CLANG_WARN_OBJC_IMPLICIT_RETAIN_SELF = YES;
				CLANG_WARN_OBJC_LITERAL_CONVERSION = YES;
				CLANG_WARN_OBJC_ROOT_CLASS = YES_ERROR;
				CLANG_WARN_QUOTED_INCLUDE_IN_FRAMEWORK_HEADER = YES;
				CLANG_WARN_RANGE_LOOP_ANALYSIS = YES;
				CLANG_WARN_STRICT_PROTOTYPES = YES;
				CLANG_WARN_SUSPICIOUS_MOVE = YES;
				CLANG_WARN_UNGUARDED_AVAILABILITY = YES_AGGRESSIVE;
				CLANG_WARN_UNREACHABLE_CODE = YES;
				CLANG_WARN__DUPLICATE_METHOD_MATCH = YES;
				COPY_PHASE_STRIP = NO;
				DEBUG_INFORMATION_FORMAT = "dwarf-with-dsym";
				ENABLE_NS_ASSERTIONS = NO;
				ENABLE_STRICT_OBJC_MSGSEND = YES;
				GCC_C_LANGUAGE_STANDARD = gnu11;
				GCC_NO_COMMON_BLOCKS = YES;
				GCC_WARN_64_TO_32_BIT_CONVERSION = YES;
				GCC_WARN_ABOUT_RETURN_TYPE = YES_ERROR;
				GCC_WARN_UNDECLARED_SELECTOR = YES;
				GCC_WARN_UNINITIALIZED_AUTOS = YES_AGGRESSIVE;
				GCC_WARN_UNUSED_FUNCTION = YES;
				GCC_WARN_UNUSED_VARIABLE = YES;
				IPHONEOS_DEPLOYMENT_TARGET = 16.1;
				MTL_ENABLE_DEBUG_INFO = NO;
				MTL_FAST_MATH = YES;
				SDKROOT = iphoneos;
				SWIFT_COMPILATION_MODE = wholemodule;
				SWIFT_OPTIMIZATION_LEVEL = "-O";
				VALIDATE_PRODUCT = YES;
			};
			name = Release;
		};
		80C2F3C2297135F6009B5D8C /* Debug */ = {
			isa = XCBuildConfiguration;
			buildSettings = {
				ASSETCATALOG_COMPILER_APPICON_NAME = AppIcon;
				ASSETCATALOG_COMPILER_GLOBAL_ACCENT_COLOR_NAME = AccentColor;
				CODE_SIGN_STYLE = Automatic;
				CURRENT_PROJECT_VERSION = 1;
				DEVELOPMENT_ASSET_PATHS = "\"Touchdown/Preview Content\"";
				DEVELOPMENT_TEAM = F5D2979ZRD;
				ENABLE_PREVIEWS = YES;
				GENERATE_INFOPLIST_FILE = YES;
				INFOPLIST_FILE = Touchdown/Info.plist;
				INFOPLIST_KEY_UIApplicationSceneManifest_Generation = YES;
				INFOPLIST_KEY_UIApplicationSupportsIndirectInputEvents = YES;
				INFOPLIST_KEY_UISupportedInterfaceOrientations = UIInterfaceOrientationPortrait;
				INFOPLIST_KEY_UISupportedInterfaceOrientations_iPad = "UIInterfaceOrientationLandscapeLeft UIInterfaceOrientationLandscapeRight UIInterfaceOrientationPortrait UIInterfaceOrientationPortraitUpsideDown";
				INFOPLIST_KEY_UIUserInterfaceStyle = Light;
				LD_RUNPATH_SEARCH_PATHS = (
					"$(inherited)",
					"@executable_path/Frameworks",
				);
				MARKETING_VERSION = 1.0;
				PRODUCT_BUNDLE_IDENTIFIER = academy.credo.Touchdown;
				PRODUCT_NAME = "$(TARGET_NAME)";
				SWIFT_EMIT_LOC_STRINGS = YES;
				SWIFT_VERSION = 5.0;
				TARGETED_DEVICE_FAMILY = "1,2";
			};
			name = Debug;
		};
		80C2F3C3297135F6009B5D8C /* Release */ = {
			isa = XCBuildConfiguration;
			buildSettings = {
				ASSETCATALOG_COMPILER_APPICON_NAME = AppIcon;
				ASSETCATALOG_COMPILER_GLOBAL_ACCENT_COLOR_NAME = AccentColor;
				CODE_SIGN_STYLE = Automatic;
				CURRENT_PROJECT_VERSION = 1;
				DEVELOPMENT_ASSET_PATHS = "\"Touchdown/Preview Content\"";
				DEVELOPMENT_TEAM = F5D2979ZRD;
				ENABLE_PREVIEWS = YES;
				GENERATE_INFOPLIST_FILE = YES;
				INFOPLIST_FILE = Touchdown/Info.plist;
				INFOPLIST_KEY_UIApplicationSceneManifest_Generation = YES;
				INFOPLIST_KEY_UIApplicationSupportsIndirectInputEvents = YES;
				INFOPLIST_KEY_UISupportedInterfaceOrientations = UIInterfaceOrientationPortrait;
				INFOPLIST_KEY_UISupportedInterfaceOrientations_iPad = "UIInterfaceOrientationLandscapeLeft UIInterfaceOrientationLandscapeRight UIInterfaceOrientationPortrait UIInterfaceOrientationPortraitUpsideDown";
				INFOPLIST_KEY_UIUserInterfaceStyle = Light;
				LD_RUNPATH_SEARCH_PATHS = (
					"$(inherited)",
					"@executable_path/Frameworks",
				);
				MARKETING_VERSION = 1.0;
				PRODUCT_BUNDLE_IDENTIFIER = academy.credo.Touchdown;
				PRODUCT_NAME = "$(TARGET_NAME)";
				SWIFT_EMIT_LOC_STRINGS = YES;
				SWIFT_VERSION = 5.0;
				TARGETED_DEVICE_FAMILY = "1,2";
			};
			name = Release;
		};
/* End XCBuildConfiguration section */

/* Begin XCConfigurationList section */
		80C2F3AE297135F5009B5D8C /* Build configuration list for PBXProject "Touchdown" */ = {
			isa = XCConfigurationList;
			buildConfigurations = (
				80C2F3BF297135F6009B5D8C /* Debug */,
				80C2F3C0297135F6009B5D8C /* Release */,
			);
			defaultConfigurationIsVisible = 0;
			defaultConfigurationName = Release;
		};
		80C2F3C1297135F6009B5D8C /* Build configuration list for PBXNativeTarget "Touchdown" */ = {
			isa = XCConfigurationList;
			buildConfigurations = (
				80C2F3C2297135F6009B5D8C /* Debug */,
				80C2F3C3297135F6009B5D8C /* Release */,
			);
			defaultConfigurationIsVisible = 0;
			defaultConfigurationName = Release;
		};
/* End XCConfigurationList section */
	};
	rootObject = 80C2F3AB297135F5009B5D8C /* Project object */;
}
